
Microsoft Visual Studio Solution File, Format Version 12.00
# Visual Studio Version 17
VisualStudioVersion = 17.4.33213.308
MinimumVisualStudioVersion = 10.0.40219.1
Project("{9A19103F-16F7-4668-BE54-9A1E7A4F7556}") = "vacation-manager", "vacation-manager\vacation-manager.csproj", "{3AF4B851-3E4D-4677-9109-35330328AA6A}"
EndProject
Global
	GlobalSection(SolutionConfigurationPlatforms) = preSolution
		Debug|Any CPU = Debug|Any CPU
		Release|Any CPU = Release|Any CPU
	EndGlobalSection
	GlobalSection(ProjectConfigurationPlatforms) = postSolution
		{3AF4B851-3E4D-4677-9109-35330328AA6A}.Debug|Any CPU.ActiveCfg = Debug|Any CPU
		{3AF4B851-3E4D-4677-9109-35330328AA6A}.Debug|Any CPU.Build.0 = Debug|Any CPU
		{3AF4B851-3E4D-4677-9109-35330328AA6A}.Release|Any CPU.ActiveCfg = Release|Any CPU
		{3AF4B851-3E4D-4677-9109-35330328AA6A}.Release|Any CPU.Build.0 = Release|Any CPU
	EndGlobalSection
	GlobalSection(SolutionProperties) = preSolution
		HideSolutionNode = FALSE
	EndGlobalSection
	GlobalSection(ExtensibilityGlobals) = postSolution
		SolutionGuid = {E34DCD7B-7DEA-4768-964D-2F9930121D75}
	EndGlobalSection
EndGlobal
